// !$*UTF8*$!
{
	archiveVersion = 1;
	classes = {
	};
	objectVersion = 55;
	objects = {

/* Begin PBXBuildFile section */
		0428BA3F27B48D0000C54448 /* AppDelegate.swift in Sources */ = {isa = PBXBuildFile; fileRef = 0428BA3E27B48D0000C54448 /* AppDelegate.swift */; };
		0428BA4127B48D0000C54448 /* SceneDelegate.swift in Sources */ = {isa = PBXBuildFile; fileRef = 0428BA4027B48D0000C54448 /* SceneDelegate.swift */; };
		0428BA4327B48D0000C54448 /* ViewController.swift in Sources */ = {isa = PBXBuildFile; fileRef = 0428BA4227B48D0000C54448 /* ViewController.swift */; };
		0428BA4627B48D0000C54448 /* Main.storyboard in Resources */ = {isa = PBXBuildFile; fileRef = 0428BA4427B48D0000C54448 /* Main.storyboard */; };
		0428BA4827B48D0200C54448 /* Assets.xcassets in Resources */ = {isa = PBXBuildFile; fileRef = 0428BA4727B48D0200C54448 /* Assets.xcassets */; };
		0428BA4B27B48D0200C54448 /* LaunchScreen.storyboard in Resources */ = {isa = PBXBuildFile; fileRef = 0428BA4927B48D0200C54448 /* LaunchScreen.storyboard */; };
		0428BA5627B48D0200C54448 /* FlixTests.swift in Sources */ = {isa = PBXBuildFile; fileRef = 0428BA5527B48D0200C54448 /* FlixTests.swift */; };
		0428BA6027B48D0200C54448 /* FlixUITests.swift in Sources */ = {isa = PBXBuildFile; fileRef = 0428BA5F27B48D0200C54448 /* FlixUITests.swift */; };
		0428BA6227B48D0200C54448 /* FlixUITestsLaunchTests.swift in Sources */ = {isa = PBXBuildFile; fileRef = 0428BA6127B48D0200C54448 /* FlixUITestsLaunchTests.swift */; };
		0428BA6F27B4DB2C00C54448 /* MoviesViewController.swift in Sources */ = {isa = PBXBuildFile; fileRef = 0428BA6E27B4DB2C00C54448 /* MoviesViewController.swift */; };
		0428BA7227B4DE1C00C54448 /* AlamofireImage in Frameworks */ = {isa = PBXBuildFile; productRef = 0428BA7127B4DE1C00C54448 /* AlamofireImage */; };
		0428BA7427B4EC7300C54448 /* MovieCell.swift in Sources */ = {isa = PBXBuildFile; fileRef = 0428BA7327B4EC7300C54448 /* MovieCell.swift */; };
		343D65E2F776338F00E5BC9D /* Pods_Flix_FlixUITests.framework in Frameworks */ = {isa = PBXBuildFile; fileRef = 22984272671775A431EE6F3A /* Pods_Flix_FlixUITests.framework */; };
		3864DA4B53C3BD761FC45A4D /* Pods_Flix.framework in Frameworks */ = {isa = PBXBuildFile; fileRef = 737A7611BB88152B258770C7 /* Pods_Flix.framework */; };
		801B00E6731169FF08D2FC96 /* Pods_FlixTests.framework in Frameworks */ = {isa = PBXBuildFile; fileRef = 78E16015EBE5A324E0E9DFB8 /* Pods_FlixTests.framework */; };
/* End PBXBuildFile section */

/* Begin PBXContainerItemProxy section */
		0428BA5227B48D0200C54448 /* PBXContainerItemProxy */ = {
			isa = PBXContainerItemProxy;
			containerPortal = 0428BA3327B48D0000C54448 /* Project object */;
			proxyType = 1;
			remoteGlobalIDString = 0428BA3A27B48D0000C54448;
			remoteInfo = Flix;
		};
		0428BA5C27B48D0200C54448 /* PBXContainerItemProxy */ = {
			isa = PBXContainerItemProxy;
			containerPortal = 0428BA3327B48D0000C54448 /* Project object */;
			proxyType = 1;
			remoteGlobalIDString = 0428BA3A27B48D0000C54448;
			remoteInfo = Flix;
		};
/* End PBXContainerItemProxy section */

/* Begin PBXFileReference section */
		0428BA3B27B48D0000C54448 /* Flix.app */ = {isa = PBXFileReference; explicitFileType = wrapper.application; includeInIndex = 0; path = Flix.app; sourceTree = BUILT_PRODUCTS_DIR; };
		0428BA3E27B48D0000C54448 /* AppDelegate.swift */ = {isa = PBXFileReference; lastKnownFileType = sourcecode.swift; path = AppDelegate.swift; sourceTree = "<group>"; };
		0428BA4027B48D0000C54448 /* SceneDelegate.swift */ = {isa = PBXFileReference; lastKnownFileType = sourcecode.swift; path = SceneDelegate.swift; sourceTree = "<group>"; };
		0428BA4227B48D0000C54448 /* ViewController.swift */ = {isa = PBXFileReference; lastKnownFileType = sourcecode.swift; path = ViewController.swift; sourceTree = "<group>"; };
		0428BA4527B48D0000C54448 /* Base */ = {isa = PBXFileReference; lastKnownFileType = file.storyboard; name = Base; path = Base.lproj/Main.storyboard; sourceTree = "<group>"; };
		0428BA4727B48D0200C54448 /* Assets.xcassets */ = {isa = PBXFileReference; lastKnownFileType = folder.assetcatalog; path = Assets.xcassets; sourceTree = "<group>"; };
		0428BA4A27B48D0200C54448 /* Base */ = {isa = PBXFileReference; lastKnownFileType = file.storyboard; name = Base; path = Base.lproj/LaunchScreen.storyboard; sourceTree = "<group>"; };
		0428BA4C27B48D0200C54448 /* Info.plist */ = {isa = PBXFileReference; lastKnownFileType = text.plist.xml; path = Info.plist; sourceTree = "<group>"; };
		0428BA5127B48D0200C54448 /* FlixTests.xctest */ = {isa = PBXFileReference; explicitFileType = wrapper.cfbundle; includeInIndex = 0; path = FlixTests.xctest; sourceTree = BUILT_PRODUCTS_DIR; };
		0428BA5527B48D0200C54448 /* FlixTests.swift */ = {isa = PBXFileReference; lastKnownFileType = sourcecode.swift; path = FlixTests.swift; sourceTree = "<group>"; };
		0428BA5B27B48D0200C54448 /* FlixUITests.xctest */ = {isa = PBXFileReference; explicitFileType = wrapper.cfbundle; includeInIndex = 0; path = FlixUITests.xctest; sourceTree = BUILT_PRODUCTS_DIR; };
		0428BA5F27B48D0200C54448 /* FlixUITests.swift */ = {isa = PBXFileReference; lastKnownFileType = sourcecode.swift; path = FlixUITests.swift; sourceTree = "<group>"; };
		0428BA6127B48D0200C54448 /* FlixUITestsLaunchTests.swift */ = {isa = PBXFileReference; lastKnownFileType = sourcecode.swift; path = FlixUITestsLaunchTests.swift; sourceTree = "<group>"; };
		0428BA6E27B4DB2C00C54448 /* MoviesViewController.swift */ = {isa = PBXFileReference; lastKnownFileType = sourcecode.swift; path = MoviesViewController.swift; sourceTree = "<group>"; };
		0428BA7327B4EC7300C54448 /* MovieCell.swift */ = {isa = PBXFileReference; lastKnownFileType = sourcecode.swift; path = MovieCell.swift; sourceTree = "<group>"; };
		0527A56A8A48CD0783660F9E /* Pods-Flix.release.xcconfig */ = {isa = PBXFileReference; includeInIndex = 1; lastKnownFileType = text.xcconfig; name = "Pods-Flix.release.xcconfig"; path = "Target Support Files/Pods-Flix/Pods-Flix.release.xcconfig"; sourceTree = "<group>"; };
		22984272671775A431EE6F3A /* Pods_Flix_FlixUITests.framework */ = {isa = PBXFileReference; explicitFileType = wrapper.framework; includeInIndex = 0; path = Pods_Flix_FlixUITests.framework; sourceTree = BUILT_PRODUCTS_DIR; };
		4A6EDEBD19321522108284C9 /* Pods-FlixTests.debug.xcconfig */ = {isa = PBXFileReference; includeInIndex = 1; lastKnownFileType = text.xcconfig; name = "Pods-FlixTests.debug.xcconfig"; path = "Target Support Files/Pods-FlixTests/Pods-FlixTests.debug.xcconfig"; sourceTree = "<group>"; };
		6023A571D5B676825547EAB7 /* Pods-Flix-FlixUITests.release.xcconfig */ = {isa = PBXFileReference; includeInIndex = 1; lastKnownFileType = text.xcconfig; name = "Pods-Flix-FlixUITests.release.xcconfig"; path = "Target Support Files/Pods-Flix-FlixUITests/Pods-Flix-FlixUITests.release.xcconfig"; sourceTree = "<group>"; };
		737A7611BB88152B258770C7 /* Pods_Flix.framework */ = {isa = PBXFileReference; explicitFileType = wrapper.framework; includeInIndex = 0; path = Pods_Flix.framework; sourceTree = BUILT_PRODUCTS_DIR; };
		78E16015EBE5A324E0E9DFB8 /* Pods_FlixTests.framework */ = {isa = PBXFileReference; explicitFileType = wrapper.framework; includeInIndex = 0; path = Pods_FlixTests.framework; sourceTree = BUILT_PRODUCTS_DIR; };
		83B4E64EB41ADBC31F2D4C7B /* Pods-FlixTests.release.xcconfig */ = {isa = PBXFileReference; includeInIndex = 1; lastKnownFileType = text.xcconfig; name = "Pods-FlixTests.release.xcconfig"; path = "Target Support Files/Pods-FlixTests/Pods-FlixTests.release.xcconfig"; sourceTree = "<group>"; };
		903210CD4A7A03DFE7F46F4A /* Pods-Flix-FlixUITests.debug.xcconfig */ = {isa = PBXFileReference; includeInIndex = 1; lastKnownFileType = text.xcconfig; name = "Pods-Flix-FlixUITests.debug.xcconfig"; path = "Target Support Files/Pods-Flix-FlixUITests/Pods-Flix-FlixUITests.debug.xcconfig"; sourceTree = "<group>"; };
		A20078807FE79A9D34D9D69B /* Pods-Flix.debug.xcconfig */ = {isa = PBXFileReference; includeInIndex = 1; lastKnownFileType = text.xcconfig; name = "Pods-Flix.debug.xcconfig"; path = "Target Support Files/Pods-Flix/Pods-Flix.debug.xcconfig"; sourceTree = "<group>"; };
/* End PBXFileReference section */

/* Begin PBXFrameworksBuildPhase section */
		0428BA3827B48D0000C54448 /* Frameworks */ = {
			isa = PBXFrameworksBuildPhase;
			buildActionMask = 2147483647;
			files = (
				0428BA7227B4DE1C00C54448 /* AlamofireImage in Frameworks */,
				3864DA4B53C3BD761FC45A4D /* Pods_Flix.framework in Frameworks */,
			);
			runOnlyForDeploymentPostprocessing = 0;
		};
		0428BA4E27B48D0200C54448 /* Frameworks */ = {
			isa = PBXFrameworksBuildPhase;
			buildActionMask = 2147483647;
			files = (
				801B00E6731169FF08D2FC96 /* Pods_FlixTests.framework in Frameworks */,
			);
			runOnlyForDeploymentPostprocessing = 0;
		};
		0428BA5827B48D0200C54448 /* Frameworks */ = {
			isa = PBXFrameworksBuildPhase;
			buildActionMask = 2147483647;
			files = (
				343D65E2F776338F00E5BC9D /* Pods_Flix_FlixUITests.framework in Frameworks */,
			);
			runOnlyForDeploymentPostprocessing = 0;
		};
/* End PBXFrameworksBuildPhase section */

/* Begin PBXGroup section */
		0428BA3227B48D0000C54448 = {
			isa = PBXGroup;
			children = (
				0428BA3D27B48D0000C54448 /* Flix */,
				0428BA5427B48D0200C54448 /* FlixTests */,
				0428BA5E27B48D0200C54448 /* FlixUITests */,
				0428BA3C27B48D0000C54448 /* Products */,
				11D8F37A29D539200FF8B1C0 /* Pods */,
				8A9FC874BA02F9CADAD91BB0 /* Frameworks */,
			);
			sourceTree = "<group>";
		};
		0428BA3C27B48D0000C54448 /* Products */ = {
			isa = PBXGroup;
			children = (
				0428BA3B27B48D0000C54448 /* Flix.app */,
				0428BA5127B48D0200C54448 /* FlixTests.xctest */,
				0428BA5B27B48D0200C54448 /* FlixUITests.xctest */,
			);
			name = Products;
			sourceTree = "<group>";
		};
		0428BA3D27B48D0000C54448 /* Flix */ = {
			isa = PBXGroup;
			children = (
				0428BA3E27B48D0000C54448 /* AppDelegate.swift */,
				0428BA4027B48D0000C54448 /* SceneDelegate.swift */,
				0428BA4227B48D0000C54448 /* ViewController.swift */,
				0428BA6E27B4DB2C00C54448 /* MoviesViewController.swift */,
				0428BA7327B4EC7300C54448 /* MovieCell.swift */,
				0428BA4427B48D0000C54448 /* Main.storyboard */,
				0428BA4727B48D0200C54448 /* Assets.xcassets */,
				0428BA4927B48D0200C54448 /* LaunchScreen.storyboard */,
				0428BA4C27B48D0200C54448 /* Info.plist */,
			);
			path = Flix;
			sourceTree = "<group>";
		};
		0428BA5427B48D0200C54448 /* FlixTests */ = {
			isa = PBXGroup;
			children = (
				0428BA5527B48D0200C54448 /* FlixTests.swift */,
			);
			path = FlixTests;
			sourceTree = "<group>";
		};
		0428BA5E27B48D0200C54448 /* FlixUITests */ = {
			isa = PBXGroup;
			children = (
				0428BA5F27B48D0200C54448 /* FlixUITests.swift */,
				0428BA6127B48D0200C54448 /* FlixUITestsLaunchTests.swift */,
			);
			path = FlixUITests;
			sourceTree = "<group>";
		};
		11D8F37A29D539200FF8B1C0 /* Pods */ = {
			isa = PBXGroup;
			children = (
				A20078807FE79A9D34D9D69B /* Pods-Flix.debug.xcconfig */,
				0527A56A8A48CD0783660F9E /* Pods-Flix.release.xcconfig */,
				903210CD4A7A03DFE7F46F4A /* Pods-Flix-FlixUITests.debug.xcconfig */,
				6023A571D5B676825547EAB7 /* Pods-Flix-FlixUITests.release.xcconfig */,
				4A6EDEBD19321522108284C9 /* Pods-FlixTests.debug.xcconfig */,
				83B4E64EB41ADBC31F2D4C7B /* Pods-FlixTests.release.xcconfig */,
			);
			name = Pods;
			path = Pods;
			sourceTree = "<group>";
		};
		8A9FC874BA02F9CADAD91BB0 /* Frameworks */ = {
			isa = PBXGroup;
			children = (
				737A7611BB88152B258770C7 /* Pods_Flix.framework */,
				22984272671775A431EE6F3A /* Pods_Flix_FlixUITests.framework */,
				78E16015EBE5A324E0E9DFB8 /* Pods_FlixTests.framework */,
			);
			name = Frameworks;
			sourceTree = "<group>";
		};
/* End PBXGroup section */

/* Begin PBXNativeTarget section */
		0428BA3A27B48D0000C54448 /* Flix */ = {
			isa = PBXNativeTarget;
			buildConfigurationList = 0428BA6527B48D0200C54448 /* Build configuration list for PBXNativeTarget "Flix" */;
			buildPhases = (
				665F436AA5DC46AF62B4B345 /* [CP] Check Pods Manifest.lock */,
				0428BA3727B48D0000C54448 /* Sources */,
				0428BA3827B48D0000C54448 /* Frameworks */,
				0428BA3927B48D0000C54448 /* Resources */,
				FB4FD53E7FFE1BFA6094DF70 /* [CP] Embed Pods Frameworks */,
			);
			buildRules = (
			);
			dependencies = (
			);
			name = Flix;
			packageProductDependencies = (
				0428BA7127B4DE1C00C54448 /* AlamofireImage */,
			);
			productName = Flix;
			productReference = 0428BA3B27B48D0000C54448 /* Flix.app */;
			productType = "com.apple.product-type.application";
		};
		0428BA5027B48D0200C54448 /* FlixTests */ = {
			isa = PBXNativeTarget;
			buildConfigurationList = 0428BA6827B48D0200C54448 /* Build configuration list for PBXNativeTarget "FlixTests" */;
			buildPhases = (
				D7B79E65216242DC0A3EC74A /* [CP] Check Pods Manifest.lock */,
				0428BA4D27B48D0200C54448 /* Sources */,
				0428BA4E27B48D0200C54448 /* Frameworks */,
				0428BA4F27B48D0200C54448 /* Resources */,
			);
			buildRules = (
			);
			dependencies = (
				0428BA5327B48D0200C54448 /* PBXTargetDependency */,
			);
			name = FlixTests;
			productName = FlixTests;
			productReference = 0428BA5127B48D0200C54448 /* FlixTests.xctest */;
			productType = "com.apple.product-type.bundle.unit-test";
		};
		0428BA5A27B48D0200C54448 /* FlixUITests */ = {
			isa = PBXNativeTarget;
			buildConfigurationList = 0428BA6B27B48D0200C54448 /* Build configuration list for PBXNativeTarget "FlixUITests" */;
			buildPhases = (
				D1FC5EF22C3A82FA374C9E21 /* [CP] Check Pods Manifest.lock */,
				0428BA5727B48D0200C54448 /* Sources */,
				0428BA5827B48D0200C54448 /* Frameworks */,
				0428BA5927B48D0200C54448 /* Resources */,
				399EF9ED4160B829424E3090 /* [CP] Embed Pods Frameworks */,
			);
			buildRules = (
			);
			dependencies = (
				0428BA5D27B48D0200C54448 /* PBXTargetDependency */,
			);
			name = FlixUITests;
			productName = FlixUITests;
			productReference = 0428BA5B27B48D0200C54448 /* FlixUITests.xctest */;
			productType = "com.apple.product-type.bundle.ui-testing";
		};
/* End PBXNativeTarget section */

/* Begin PBXProject section */
		0428BA3327B48D0000C54448 /* Project object */ = {
			isa = PBXProject;
			attributes = {
				BuildIndependentTargetsInParallel = 1;
				LastSwiftUpdateCheck = 1320;
				LastUpgradeCheck = 1320;
				TargetAttributes = {
					0428BA3A27B48D0000C54448 = {
						CreatedOnToolsVersion = 13.2.1;
					};
					0428BA5027B48D0200C54448 = {
						CreatedOnToolsVersion = 13.2.1;
						TestTargetID = 0428BA3A27B48D0000C54448;
					};
					0428BA5A27B48D0200C54448 = {
						CreatedOnToolsVersion = 13.2.1;
						TestTargetID = 0428BA3A27B48D0000C54448;
					};
				};
			};
			buildConfigurationList = 0428BA3627B48D0000C54448 /* Build configuration list for PBXProject "Flix" */;
			compatibilityVersion = "Xcode 13.0";
			developmentRegion = en;
			hasScannedForEncodings = 0;
			knownRegions = (
				en,
				Base,
			);
			mainGroup = 0428BA3227B48D0000C54448;
			packageReferences = (
				0428BA7027B4DE1C00C54448 /* XCRemoteSwiftPackageReference "AlamofireImage" */,
			);
			productRefGroup = 0428BA3C27B48D0000C54448 /* Products */;
			projectDirPath = "";
			projectRoot = "";
			targets = (
				0428BA3A27B48D0000C54448 /* Flix */,
				0428BA5027B48D0200C54448 /* FlixTests */,
				0428BA5A27B48D0200C54448 /* FlixUITests */,
			);
		};
/* End PBXProject section */

/* Begin PBXResourcesBuildPhase section */
		0428BA3927B48D0000C54448 /* Resources */ = {
			isa = PBXResourcesBuildPhase;
			buildActionMask = 2147483647;
			files = (
				0428BA4B27B48D0200C54448 /* LaunchScreen.storyboard in Resources */,
				0428BA4827B48D0200C54448 /* Assets.xcassets in Resources */,
				0428BA4627B48D0000C54448 /* Main.storyboard in Resources */,
			);
			runOnlyForDeploymentPostprocessing = 0;
		};
		0428BA4F27B48D0200C54448 /* Resources */ = {
			isa = PBXResourcesBuildPhase;
			buildActionMask = 2147483647;
			files = (
			);
			runOnlyForDeploymentPostprocessing = 0;
		};
		0428BA5927B48D0200C54448 /* Resources */ = {
			isa = PBXResourcesBuildPhase;
			buildActionMask = 2147483647;
			files = (
			);
			runOnlyForDeploymentPostprocessing = 0;
		};
/* End PBXResourcesBuildPhase section */

/* Begin PBXShellScriptBuildPhase section */
		399EF9ED4160B829424E3090 /* [CP] Embed Pods Frameworks */ = {
			isa = PBXShellScriptBuildPhase;
			buildActionMask = 2147483647;
			files = (
			);
			inputFileListPaths = (
				"${PODS_ROOT}/Target Support Files/Pods-Flix-FlixUITests/Pods-Flix-FlixUITests-frameworks-${CONFIGURATION}-input-files.xcfilelist",
			);
			name = "[CP] Embed Pods Frameworks";
			outputFileListPaths = (
				"${PODS_ROOT}/Target Support Files/Pods-Flix-FlixUITests/Pods-Flix-FlixUITests-frameworks-${CONFIGURATION}-output-files.xcfilelist",
			);
			runOnlyForDeploymentPostprocessing = 0;
			shellPath = /bin/sh;
			shellScript = "\"${PODS_ROOT}/Target Support Files/Pods-Flix-FlixUITests/Pods-Flix-FlixUITests-frameworks.sh\"\n";
			showEnvVarsInLog = 0;
		};
		665F436AA5DC46AF62B4B345 /* [CP] Check Pods Manifest.lock */ = {
			isa = PBXShellScriptBuildPhase;
			buildActionMask = 2147483647;
			files = (
			);
			inputFileListPaths = (
			);
			inputPaths = (
				"${PODS_PODFILE_DIR_PATH}/Podfile.lock",
				"${PODS_ROOT}/Manifest.lock",
			);
			name = "[CP] Check Pods Manifest.lock";
			outputFileListPaths = (
			);
			outputPaths = (
				"$(DERIVED_FILE_DIR)/Pods-Flix-checkManifestLockResult.txt",
			);
			runOnlyForDeploymentPostprocessing = 0;
			shellPath = /bin/sh;
			shellScript = "diff \"${PODS_PODFILE_DIR_PATH}/Podfile.lock\" \"${PODS_ROOT}/Manifest.lock\" > /dev/null\nif [ $? != 0 ] ; then\n    # print error to STDERR\n    echo \"error: The sandbox is not in sync with the Podfile.lock. Run 'pod install' or update your CocoaPods installation.\" >&2\n    exit 1\nfi\n# This output is used by Xcode 'outputs' to avoid re-running this script phase.\necho \"SUCCESS\" > \"${SCRIPT_OUTPUT_FILE_0}\"\n";
			showEnvVarsInLog = 0;
		};
		D1FC5EF22C3A82FA374C9E21 /* [CP] Check Pods Manifest.lock */ = {
			isa = PBXShellScriptBuildPhase;
			buildActionMask = 2147483647;
			files = (
			);
			inputFileListPaths = (
			);
			inputPaths = (
				"${PODS_PODFILE_DIR_PATH}/Podfile.lock",
				"${PODS_ROOT}/Manifest.lock",
			);
			name = "[CP] Check Pods Manifest.lock";
			outputFileListPaths = (
			);
			outputPaths = (
				"$(DERIVED_FILE_DIR)/Pods-Flix-FlixUITests-checkManifestLockResult.txt",
			);
			runOnlyForDeploymentPostprocessing = 0;
			shellPath = /bin/sh;
			shellScript = "diff \"${PODS_PODFILE_DIR_PATH}/Podfile.lock\" \"${PODS_ROOT}/Manifest.lock\" > /dev/null\nif [ $? != 0 ] ; then\n    # print error to STDERR\n    echo \"error: The sandbox is not in sync with the Podfile.lock. Run 'pod install' or update your CocoaPods installation.\" >&2\n    exit 1\nfi\n# This output is used by Xcode 'outputs' to avoid re-running this script phase.\necho \"SUCCESS\" > \"${SCRIPT_OUTPUT_FILE_0}\"\n";
			showEnvVarsInLog = 0;
		};
		D7B79E65216242DC0A3EC74A /* [CP] Check Pods Manifest.lock */ = {
			isa = PBXShellScriptBuildPhase;
			buildActionMask = 2147483647;
			files = (
			);
			inputFileListPaths = (
			);
			inputPaths = (
				"${PODS_PODFILE_DIR_PATH}/Podfile.lock",
				"${PODS_ROOT}/Manifest.lock",
			);
			name = "[CP] Check Pods Manifest.lock";
			outputFileListPaths = (
			);
			outputPaths = (
				"$(DERIVED_FILE_DIR)/Pods-FlixTests-checkManifestLockResult.txt",
			);
			runOnlyForDeploymentPostprocessing = 0;
			shellPath = /bin/sh;
			shellScript = "diff \"${PODS_PODFILE_DIR_PATH}/Podfile.lock\" \"${PODS_ROOT}/Manifest.lock\" > /dev/null\nif [ $? != 0 ] ; then\n    # print error to STDERR\n    echo \"error: The sandbox is not in sync with the Podfile.lock. Run 'pod install' or update your CocoaPods installation.\" >&2\n    exit 1\nfi\n# This output is used by Xcode 'outputs' to avoid re-running this script phase.\necho \"SUCCESS\" > \"${SCRIPT_OUTPUT_FILE_0}\"\n";
			showEnvVarsInLog = 0;
		};
		FB4FD53E7FFE1BFA6094DF70 /* [CP] Embed Pods Frameworks */ = {
			isa = PBXShellScriptBuildPhase;
			buildActionMask = 2147483647;
			files = (
			);
			inputFileListPaths = (
				"${PODS_ROOT}/Target Support Files/Pods-Flix/Pods-Flix-frameworks-${CONFIGURATION}-input-files.xcfilelist",
			);
			name = "[CP] Embed Pods Frameworks";
			outputFileListPaths = (
				"${PODS_ROOT}/Target Support Files/Pods-Flix/Pods-Flix-frameworks-${CONFIGURATION}-output-files.xcfilelist",
			);
			runOnlyForDeploymentPostprocessing = 0;
			shellPath = /bin/sh;
			shellScript = "\"${PODS_ROOT}/Target Support Files/Pods-Flix/Pods-Flix-frameworks.sh\"\n";
			showEnvVarsInLog = 0;
		};
/* End PBXShellScriptBuildPhase section */

/* Begin PBXSourcesBuildPhase section */
		0428BA3727B48D0000C54448 /* Sources */ = {
			isa = PBXSourcesBuildPhase;
			buildActionMask = 2147483647;
			files = (
				0428BA4327B48D0000C54448 /* ViewController.swift in Sources */,
				0428BA3F27B48D0000C54448 /* AppDelegate.swift in Sources */,
				0428BA4127B48D0000C54448 /* SceneDelegate.swift in Sources */,
				0428BA7427B4EC7300C54448 /* MovieCell.swift in Sources */,
				0428BA6F27B4DB2C00C54448 /* MoviesViewController.swift in Sources */,
			);
			runOnlyForDeploymentPostprocessing = 0;
		};
		0428BA4D27B48D0200C54448 /* Sources */ = {
			isa = PBXSourcesBuildPhase;
			buildActionMask = 2147483647;
			files = (
				0428BA5627B48D0200C54448 /* FlixTests.swift in Sources */,
			);
			runOnlyForDeploymentPostprocessing = 0;
		};
		0428BA5727B48D0200C54448 /* Sources */ = {
			isa = PBXSourcesBuildPhase;
			buildActionMask = 2147483647;
			files = (
				0428BA6027B48D0200C54448 /* FlixUITests.swift in Sources */,
				0428BA6227B48D0200C54448 /* FlixUITestsLaunchTests.swift in Sources */,
			);
			runOnlyForDeploymentPostprocessing = 0;
		};
/* End PBXSourcesBuildPhase section */

/* Begin PBXTargetDependency section */
		0428BA5327B48D0200C54448 /* PBXTargetDependency */ = {
			isa = PBXTargetDependency;
			target = 0428BA3A27B48D0000C54448 /* Flix */;
			targetProxy = 0428BA5227B48D0200C54448 /* PBXContainerItemProxy */;
		};
		0428BA5D27B48D0200C54448 /* PBXTargetDependency */ = {
			isa = PBXTargetDependency;
			target = 0428BA3A27B48D0000C54448 /* Flix */;
			targetProxy = 0428BA5C27B48D0200C54448 /* PBXContainerItemProxy */;
		};
/* End PBXTargetDependency section */

/* Begin PBXVariantGroup section */
		0428BA4427B48D0000C54448 /* Main.storyboard */ = {
			isa = PBXVariantGroup;
			children = (
				0428BA4527B48D0000C54448 /* Base */,
			);
			name = Main.storyboard;
			sourceTree = "<group>";
		};
		0428BA4927B48D0200C54448 /* LaunchScreen.storyboard */ = {
			isa = PBXVariantGroup;
			children = (
				0428BA4A27B48D0200C54448 /* Base */,
			);
			name = LaunchScreen.storyboard;
			sourceTree = "<group>";
		};
/* End PBXVariantGroup section */

/* Begin XCBuildConfiguration section */
		0428BA6327B48D0200C54448 /* Debug */ = {
			isa = XCBuildConfiguration;
			buildSettings = {
				ALWAYS_SEARCH_USER_PATHS = NO;
				CLANG_ANALYZER_NONNULL = YES;
				CLANG_ANALYZER_NUMBER_OBJECT_CONVERSION = YES_AGGRESSIVE;
				CLANG_CXX_LANGUAGE_STANDARD = "gnu++17";
				CLANG_CXX_LIBRARY = "libc++";
				CLANG_ENABLE_MODULES = YES;
				CLANG_ENABLE_OBJC_ARC = YES;
				CLANG_ENABLE_OBJC_WEAK = YES;
				CLANG_WARN_BLOCK_CAPTURE_AUTORELEASING = YES;
				CLANG_WARN_BOOL_CONVERSION = YES;
				CLANG_WARN_COMMA = YES;
				CLANG_WARN_CONSTANT_CONVERSION = YES;
				CLANG_WARN_DEPRECATED_OBJC_IMPLEMENTATIONS = YES;
				CLANG_WARN_DIRECT_OBJC_ISA_USAGE = YES_ERROR;
				CLANG_WARN_DOCUMENTATION_COMMENTS = YES;
				CLANG_WARN_EMPTY_BODY = YES;
				CLANG_WARN_ENUM_CONVERSION = YES;
				CLANG_WARN_INFINITE_RECURSION = YES;
				CLANG_WARN_INT_CONVERSION = YES;
				CLANG_WARN_NON_LITERAL_NULL_CONVERSION = YES;
				CLANG_WARN_OBJC_IMPLICIT_RETAIN_SELF = YES;
				CLANG_WARN_OBJC_LITERAL_CONVERSION = YES;
				CLANG_WARN_OBJC_ROOT_CLASS = YES_ERROR;
				CLANG_WARN_QUOTED_INCLUDE_IN_FRAMEWORK_HEADER = YES;
				CLANG_WARN_RANGE_LOOP_ANALYSIS = YES;
				CLANG_WARN_STRICT_PROTOTYPES = YES;
				CLANG_WARN_SUSPICIOUS_MOVE = YES;
				CLANG_WARN_UNGUARDED_AVAILABILITY = YES_AGGRESSIVE;
				CLANG_WARN_UNREACHABLE_CODE = YES;
				CLANG_WARN__DUPLICATE_METHOD_MATCH = YES;
				COPY_PHASE_STRIP = NO;
				DEBUG_INFORMATION_FORMAT = dwarf;
				ENABLE_STRICT_OBJC_MSGSEND = YES;
				ENABLE_TESTABILITY = YES;
				GCC_C_LANGUAGE_STANDARD = gnu11;
				GCC_DYNAMIC_NO_PIC = NO;
				GCC_NO_COMMON_BLOCKS = YES;
				GCC_OPTIMIZATION_LEVEL = 0;
				GCC_PREPROCESSOR_DEFINITIONS = (
					"DEBUG=1",
					"$(inherited)",
				);
				GCC_WARN_64_TO_32_BIT_CONVERSION = YES;
				GCC_WARN_ABOUT_RETURN_TYPE = YES_ERROR;
				GCC_WARN_UNDECLARED_SELECTOR = YES;
				GCC_WARN_UNINITIALIZED_AUTOS = YES_AGGRESSIVE;
				GCC_WARN_UNUSED_FUNCTION = YES;
				GCC_WARN_UNUSED_VARIABLE = YES;
				IPHONEOS_DEPLOYMENT_TARGET = 15.2;
				MTL_ENABLE_DEBUG_INFO = INCLUDE_SOURCE;
				MTL_FAST_MATH = YES;
				ONLY_ACTIVE_ARCH = YES;
				SDKROOT = iphoneos;
				SWIFT_ACTIVE_COMPILATION_CONDITIONS = DEBUG;
				SWIFT_OPTIMIZATION_LEVEL = "-Onone";
			};
			name = Debug;
		};
		0428BA6427B48D0200C54448 /* Release */ = {
			isa = XCBuildConfiguration;
			buildSettings = {
				ALWAYS_SEARCH_USER_PATHS = NO;
				CLANG_ANALYZER_NONNULL = YES;
				CLANG_ANALYZER_NUMBER_OBJECT_CONVERSION = YES_AGGRESSIVE;
				CLANG_CXX_LANGUAGE_STANDARD = "gnu++17";
				CLANG_CXX_LIBRARY = "libc++";
				CLANG_ENABLE_MODULES = YES;
				CLANG_ENABLE_OBJC_ARC = YES;
				CLANG_ENABLE_OBJC_WEAK = YES;
				CLANG_WARN_BLOCK_CAPTURE_AUTORELEASING = YES;
				CLANG_WARN_BOOL_CONVERSION = YES;
				CLANG_WARN_COMMA = YES;
				CLANG_WARN_CONSTANT_CONVERSION = YES;
				CLANG_WARN_DEPRECATED_OBJC_IMPLEMENTATIONS = YES;
				CLANG_WARN_DIRECT_OBJC_ISA_USAGE = YES_ERROR;
				CLANG_WARN_DOCUMENTATION_COMMENTS = YES;
				CLANG_WARN_EMPTY_BODY = YES;
				CLANG_WARN_ENUM_CONVERSION = YES;
				CLANG_WARN_INFINITE_RECURSION = YES;
				CLANG_WARN_INT_CONVERSION = YES;
				CLANG_WARN_NON_LITERAL_NULL_CONVERSION = YES;
				CLANG_WARN_OBJC_IMPLICIT_RETAIN_SELF = YES;
				CLANG_WARN_OBJC_LITERAL_CONVERSION = YES;
				CLANG_WARN_OBJC_ROOT_CLASS = YES_ERROR;
				CLANG_WARN_QUOTED_INCLUDE_IN_FRAMEWORK_HEADER = YES;
				CLANG_WARN_RANGE_LOOP_ANALYSIS = YES;
				CLANG_WARN_STRICT_PROTOTYPES = YES;
				CLANG_WARN_SUSPICIOUS_MOVE = YES;
				CLANG_WARN_UNGUARDED_AVAILABILITY = YES_AGGRESSIVE;
				CLANG_WARN_UNREACHABLE_CODE = YES;
				CLANG_WARN__DUPLICATE_METHOD_MATCH = YES;
				COPY_PHASE_STRIP = NO;
				DEBUG_INFORMATION_FORMAT = "dwarf-with-dsym";
				ENABLE_NS_ASSERTIONS = NO;
				ENABLE_STRICT_OBJC_MSGSEND = YES;
				GCC_C_LANGUAGE_STANDARD = gnu11;
				GCC_NO_COMMON_BLOCKS = YES;
				GCC_WARN_64_TO_32_BIT_CONVERSION = YES;
				GCC_WARN_ABOUT_RETURN_TYPE = YES_ERROR;
				GCC_WARN_UNDECLARED_SELECTOR = YES;
				GCC_WARN_UNINITIALIZED_AUTOS = YES_AGGRESSIVE;
				GCC_WARN_UNUSED_FUNCTION = YES;
				GCC_WARN_UNUSED_VARIABLE = YES;
				IPHONEOS_DEPLOYMENT_TARGET = 15.2;
				MTL_ENABLE_DEBUG_INFO = NO;
				MTL_FAST_MATH = YES;
				SDKROOT = iphoneos;
				SWIFT_COMPILATION_MODE = wholemodule;
				SWIFT_OPTIMIZATION_LEVEL = "-O";
				VALIDATE_PRODUCT = YES;
			};
			name = Release;
		};
		0428BA6627B48D0200C54448 /* Debug */ = {
			isa = XCBuildConfiguration;
			baseConfigurationReference = A20078807FE79A9D34D9D69B /* Pods-Flix.debug.xcconfig */;
			buildSettings = {
				ASSETCATALOG_COMPILER_APPICON_NAME = AppIcon;
				ASSETCATALOG_COMPILER_GLOBAL_ACCENT_COLOR_NAME = AccentColor;
				ASSETCATALOG_COMPILER_INCLUDE_ALL_APPICON_ASSETS = NO;
				CODE_SIGN_STYLE = Automatic;
				CURRENT_PROJECT_VERSION = 1;
				DEVELOPMENT_TEAM = PUR7F46H2G;
				GENERATE_INFOPLIST_FILE = YES;
				INFOPLIST_FILE = Flix/Info.plist;
				INFOPLIST_KEY_UIApplicationSupportsIndirectInputEvents = YES;
				INFOPLIST_KEY_UILaunchStoryboardName = LaunchScreen;
				INFOPLIST_KEY_UIMainStoryboardFile = Main;
				INFOPLIST_KEY_UISupportedInterfaceOrientations_iPad = "UIInterfaceOrientationPortrait UIInterfaceOrientationPortraitUpsideDown UIInterfaceOrientationLandscapeLeft UIInterfaceOrientationLandscapeRight";
				INFOPLIST_KEY_UISupportedInterfaceOrientations_iPhone = "UIInterfaceOrientationPortrait UIInterfaceOrientationLandscapeLeft UIInterfaceOrientationLandscapeRight";
				LD_RUNPATH_SEARCH_PATHS = (
					"$(inherited)",
					"@executable_path/Frameworks",
				);
				MARKETING_VERSION = 1.0;
				PRODUCT_BUNDLE_IDENTIFIER = memo.com.Flixios;
				PRODUCT_NAME = "$(TARGET_NAME)";
				SWIFT_EMIT_LOC_STRINGS = YES;
				SWIFT_VERSION = 5.0;
				TARGETED_DEVICE_FAMILY = "1,2";
			};
			name = Debug;
		};
		0428BA6727B48D0200C54448 /* Release */ = {
			isa = XCBuildConfiguration;
			baseConfigurationReference = 0527A56A8A48CD0783660F9E /* Pods-Flix.release.xcconfig */;
			buildSettings = {
				ASSETCATALOG_COMPILER_APPICON_NAME = AppIcon;
				ASSETCATALOG_COMPILER_GLOBAL_ACCENT_COLOR_NAME = AccentColor;
				ASSETCATALOG_COMPILER_INCLUDE_ALL_APPICON_ASSETS = NO;
				CODE_SIGN_STYLE = Automatic;
				CURRENT_PROJECT_VERSION = 1;
				DEVELOPMENT_TEAM = PUR7F46H2G;
				GENERATE_INFOPLIST_FILE = YES;
				INFOPLIST_FILE = Flix/Info.plist;
				INFOPLIST_KEY_UIApplicationSupportsIndirectInputEvents = YES;
				INFOPLIST_KEY_UILaunchStoryboardName = LaunchScreen;
				INFOPLIST_KEY_UIMainStoryboardFile = Main;
				INFOPLIST_KEY_UISupportedInterfaceOrientations_iPad = "UIInterfaceOrientationPortrait UIInterfaceOrientationPortraitUpsideDown UIInterfaceOrientationLandscapeLeft UIInterfaceOrientationLandscapeRight";
				INFOPLIST_KEY_UISupportedInterfaceOrientations_iPhone = "UIInterfaceOrientationPortrait UIInterfaceOrientationLandscapeLeft UIInterfaceOrientationLandscapeRight";
				LD_RUNPATH_SEARCH_PATHS = (
					"$(inherited)",
					"@executable_path/Frameworks",
				);
				MARKETING_VERSION = 1.0;
				PRODUCT_BUNDLE_IDENTIFIER = memo.com.Flixios;
				PRODUCT_NAME = "$(TARGET_NAME)";
				SWIFT_EMIT_LOC_STRINGS = YES;
				SWIFT_VERSION = 5.0;
				TARGETED_DEVICE_FAMILY = "1,2";
			};
			name = Release;
		};
		0428BA6927B48D0200C54448 /* Debug */ = {
			isa = XCBuildConfiguration;
			baseConfigurationReference = 4A6EDEBD19321522108284C9 /* Pods-FlixTests.debug.xcconfig */;
			buildSettings = {
				ALWAYS_EMBED_SWIFT_STANDARD_LIBRARIES = YES;
				BUNDLE_LOADER = "$(TEST_HOST)";
				CODE_SIGN_STYLE = Automatic;
				CURRENT_PROJECT_VERSION = 1;
				DEVELOPMENT_TEAM = PUR7F46H2G;
				GENERATE_INFOPLIST_FILE = YES;
				IPHONEOS_DEPLOYMENT_TARGET = 15.2;
				MARKETING_VERSION = 1.0;
				PRODUCT_BUNDLE_IDENTIFIER = memo.com.FlixTests;
				PRODUCT_NAME = "$(TARGET_NAME)";
				SWIFT_EMIT_LOC_STRINGS = NO;
				SWIFT_VERSION = 5.0;
				TARGETED_DEVICE_FAMILY = "1,2";
				TEST_HOST = "$(BUILT_PRODUCTS_DIR)/Flix.app/Flix";
			};
			name = Debug;
		};
		0428BA6A27B48D0200C54448 /* Release */ = {
			isa = XCBuildConfiguration;
			baseConfigurationReference = 83B4E64EB41ADBC31F2D4C7B /* Pods-FlixTests.release.xcconfig */;
			buildSettings = {
				ALWAYS_EMBED_SWIFT_STANDARD_LIBRARIES = YES;
				BUNDLE_LOADER = "$(TEST_HOST)";
				CODE_SIGN_STYLE = Automatic;
				CURRENT_PROJECT_VERSION = 1;
				DEVELOPMENT_TEAM = PUR7F46H2G;
				GENERATE_INFOPLIST_FILE = YES;
				IPHONEOS_DEPLOYMENT_TARGET = 15.2;
				MARKETING_VERSION = 1.0;
				PRODUCT_BUNDLE_IDENTIFIER = memo.com.FlixTests;
				PRODUCT_NAME = "$(TARGET_NAME)";
				SWIFT_EMIT_LOC_STRINGS = NO;
				SWIFT_VERSION = 5.0;
				TARGETED_DEVICE_FAMILY = "1,2";
				TEST_HOST = "$(BUILT_PRODUCTS_DIR)/Flix.app/Flix";
			};
			name = Release;
		};
		0428BA6C27B48D0200C54448 /* Debug */ = {
			isa = XCBuildConfiguration;
			baseConfigurationReference = 903210CD4A7A03DFE7F46F4A /* Pods-Flix-FlixUITests.debug.xcconfig */;
			buildSettings = {
				ALWAYS_EMBED_SWIFT_STANDARD_LIBRARIES = YES;
				CODE_SIGN_STYLE = Automatic;
				CURRENT_PROJECT_VERSION = 1;
				DEVELOPMENT_TEAM = PUR7F46H2G;
				GENERATE_INFOPLIST_FILE = YES;
				MARKETING_VERSION = 1.0;
				PRODUCT_BUNDLE_IDENTIFIER = memo.com.FlixUITests;
				PRODUCT_NAME = "$(TARGET_NAME)";
				SWIFT_EMIT_LOC_STRINGS = NO;
				SWIFT_VERSION = 5.0;
				TARGETED_DEVICE_FAMILY = "1,2";
				TEST_TARGET_NAME = Flix;
			};
			name = Debug;
		};
		0428BA6D27B48D0200C54448 /* Release */ = {
			isa = XCBuildConfiguration;
			baseConfigurationReference = 6023A571D5B676825547EAB7 /* Pods-Flix-FlixUITests.release.xcconfig */;
			buildSettings = {
				ALWAYS_EMBED_SWIFT_STANDARD_LIBRARIES = YES;
				CODE_SIGN_STYLE = Automatic;
				CURRENT_PROJECT_VERSION = 1;
				DEVELOPMENT_TEAM = PUR7F46H2G;
				GENERATE_INFOPLIST_FILE = YES;
				MARKETING_VERSION = 1.0;
				PRODUCT_BUNDLE_IDENTIFIER = memo.com.FlixUITests;
				PRODUCT_NAME = "$(TARGET_NAME)";
				SWIFT_EMIT_LOC_STRINGS = NO;
				SWIFT_VERSION = 5.0;
				TARGETED_DEVICE_FAMILY = "1,2";
				TEST_TARGET_NAME = Flix;
			};
			name = Release;
		};
/* End XCBuildConfiguration section */

/* Begin XCConfigurationList section */
		0428BA3627B48D0000C54448 /* Build configuration list for PBXProject "Flix" */ = {
			isa = XCConfigurationList;
			buildConfigurations = (
				0428BA6327B48D0200C54448 /* Debug */,
				0428BA6427B48D0200C54448 /* Release */,
			);
			defaultConfigurationIsVisible = 0;
			defaultConfigurationName = Release;
		};
		0428BA6527B48D0200C54448 /* Build configuration list for PBXNativeTarget "Flix" */ = {
			isa = XCConfigurationList;
			buildConfigurations = (
				0428BA6627B48D0200C54448 /* Debug */,
				0428BA6727B48D0200C54448 /* Release */,
			);
			defaultConfigurationIsVisible = 0;
			defaultConfigurationName = Release;
		};
		0428BA6827B48D0200C54448 /* Build configuration list for PBXNativeTarget "FlixTests" */ = {
			isa = XCConfigurationList;
			buildConfigurations = (
				0428BA6927B48D0200C54448 /* Debug */,
				0428BA6A27B48D0200C54448 /* Release */,
			);
			defaultConfigurationIsVisible = 0;
			defaultConfigurationName = Release;
		};
		0428BA6B27B48D0200C54448 /* Build configuration list for PBXNativeTarget "FlixUITests" */ = {
			isa = XCConfigurationList;
			buildConfigurations = (
				0428BA6C27B48D0200C54448 /* Debug */,
				0428BA6D27B48D0200C54448 /* Release */,
			);
			defaultConfigurationIsVisible = 0;
			defaultConfigurationName = Release;
		};
/* End XCConfigurationList section */

/* Begin XCRemoteSwiftPackageReference section */
		0428BA7027B4DE1C00C54448 /* XCRemoteSwiftPackageReference "AlamofireImage" */ = {
			isa = XCRemoteSwiftPackageReference;
			repositoryURL = "https://github.com/Alamofire/AlamofireImage";
			requirement = {
				kind = upToNextMajorVersion;
				minimumVersion = 4.0.0;
			};
		};
/* End XCRemoteSwiftPackageReference section */

/* Begin XCSwiftPackageProductDependency section */
		0428BA7127B4DE1C00C54448 /* AlamofireImage */ = {
			isa = XCSwiftPackageProductDependency;
			package = 0428BA7027B4DE1C00C54448 /* XCRemoteSwiftPackageReference "AlamofireImage" */;
			productName = AlamofireImage;
		};
/* End XCSwiftPackageProductDependency section */
	};
	rootObject = 0428BA3327B48D0000C54448 /* Project object */;
}
